
Microsoft Visual Studio Solution File, Format Version 12.00
# Visual Studio Version 16
VisualStudioVersion = 16.0.31205.134
MinimumVisualStudioVersion = 10.0.40219.1
Project("{FAE04EC0-301F-11D3-BF4B-00C04F79EFBC}") = "SoundAndVision.API", "SoundAndVision.API\SoundAndVision.API.csproj", "{84609BC8-52B3-4EBC-AA19-812AB49B4488}"
EndProject
Project("{00D1A9C2-B5F0-4AF3-8072-F6C62B433612}") = "SoundAndVision.Database", "SoundAndVision.Database\SoundAndVision.Database.sqlproj", "{BA0534FC-6874-42BA-B552-C62755398A0F}"
EndProject
Global
	GlobalSection(SolutionConfigurationPlatforms) = preSolution
		Debug|Any CPU = Debug|Any CPU
		Release|Any CPU = Release|Any CPU
	EndGlobalSection
	GlobalSection(ProjectConfigurationPlatforms) = postSolution
		{84609BC8-52B3-4EBC-AA19-812AB49B4488}.Debug|Any CPU.ActiveCfg = Debug|Any CPU
		{84609BC8-52B3-4EBC-AA19-812AB49B4488}.Debug|Any CPU.Build.0 = Debug|Any CPU
		{84609BC8-52B3-4EBC-AA19-812AB49B4488}.Release|Any CPU.ActiveCfg = Release|Any CPU
		{84609BC8-52B3-4EBC-AA19-812AB49B4488}.Release|Any CPU.Build.0 = Release|Any CPU
		{BA0534FC-6874-42BA-B552-C62755398A0F}.Debug|Any CPU.ActiveCfg = Debug|Any CPU
		{BA0534FC-6874-42BA-B552-C62755398A0F}.Debug|Any CPU.Build.0 = Debug|Any CPU
		{BA0534FC-6874-42BA-B552-C62755398A0F}.Debug|Any CPU.Deploy.0 = Debug|Any CPU
		{BA0534FC-6874-42BA-B552-C62755398A0F}.Release|Any CPU.ActiveCfg = Release|Any CPU
		{BA0534FC-6874-42BA-B552-C62755398A0F}.Release|Any CPU.Build.0 = Release|Any CPU
		{BA0534FC-6874-42BA-B552-C62755398A0F}.Release|Any CPU.Deploy.0 = Release|Any CPU
	EndGlobalSection
	GlobalSection(SolutionProperties) = preSolution
		HideSolutionNode = FALSE
	EndGlobalSection
	GlobalSection(ExtensibilityGlobals) = postSolution
		SolutionGuid = {6BFC24C3-B549-4A0E-A86E-21D55C9E4AAB}
	EndGlobalSection
EndGlobal
